
Microsoft Visual Studio Solution File, Format Version 12.00
# Visual Studio Version 16
VisualStudioVersion = 16.0.29509.3
MinimumVisualStudioVersion = 10.0.40219.1
Project("{FAE04EC0-301F-11D3-BF4B-00C04F79EFBC}") = "Adam Asmaca", "Adam Asmaca.csproj", "{6760440A-CE50-4661-B046-08BE411E71F1}"
EndProject
Global
	GlobalSection(SolutionConfigurationPlatforms) = preSolution
		Debug|Any CPU = Debug|Any CPU
		Release|Any CPU = Release|Any CPU
	EndGlobalSection
	GlobalSection(ProjectConfigurationPlatforms) = postSolution
		{6760440A-CE50-4661-B046-08BE411E71F1}.Debug|Any CPU.ActiveCfg = Debug|Any CPU
		{6760440A-CE50-4661-B046-08BE411E71F1}.Debug|Any CPU.Build.0 = Debug|Any CPU
		{6760440A-CE50-4661-B046-08BE411E71F1}.Release|Any CPU.ActiveCfg = Release|Any CPU
		{6760440A-CE50-4661-B046-08BE411E71F1}.Release|Any CPU.Build.0 = Release|Any CPU
	EndGlobalSection
	GlobalSection(SolutionProperties) = preSolution
		HideSolutionNode = FALSE
	EndGlobalSection
	GlobalSection(ExtensibilityGlobals) = postSolution
		SolutionGuid = {7EA98B04-CED6-41DC-A69F-AA41F6B5221F}
	EndGlobalSection
EndGlobal
